
Microsoft Visual Studio Solution File, Format Version 12.00
# Visual Studio Version 17
VisualStudioVersion = 17.14.36127.28
MinimumVisualStudioVersion = 10.0.40219.1
Project("{FAE04EC0-301F-11D3-BF4B-00C04F79EFBC}") = "MCPWebServerTest", "MCPWebServerTest\MCPWebServerTest.csproj", "{D6736BBE-9F81-40DD-A830-6E5F90604A11}"
EndProject
Project("{FAE04EC0-301F-11D3-BF4B-00C04F79EFBC}") = "MCPWebServerUnitTests", "MCPWebServerUnitTests\MCPWebServerUnitTests.csproj", "{63BBD5EE-341D-4AA1-BF1F-0EB2D17B30F5}"
EndProject
Project("{2150E333-8FDC-42A3-9474-1A3956D46DE8}") = "Dependencies", "Dependencies", "{02EA681E-C7D8-13C7-8484-4AC65E1B71E8}"
EndProject
Project("{FAE04EC0-301F-11D3-BF4B-00C04F79EFBC}") = "MCP", "libs\MCP\MCP\MCP.csproj", "{DCD7D6C9-9A0B-39AE-1A5E-19D7A63AFD81}"
EndProject
Project("{FAE04EC0-301F-11D3-BF4B-00C04F79EFBC}") = "Styx", "libs\Styx\Styx\Styx.csproj", "{3FC7D973-8D40-2DBA-72AF-0E3575431FFC}"
EndProject
Project("{FAE04EC0-301F-11D3-BF4B-00C04F79EFBC}") = "StyxTests", "libs\Styx\StyxTests\StyxTests.csproj", "{1E041E9E-88AC-2558-6FCF-DB49E1134978}"
EndProject
Project("{FAE04EC0-301F-11D3-BF4B-00C04F79EFBC}") = "Hermod", "libs\Hermod\Hermod\Hermod.csproj", "{54C96E69-3A19-B7E0-ABC5-8FC7B6385B3C}"
EndProject
Project("{FAE04EC0-301F-11D3-BF4B-00C04F79EFBC}") = "HermodTests", "libs\Hermod\HermodTests\HermodTests.csproj", "{8C5FC66C-28E5-2103-E087-D1107B295F05}"
EndProject
Global
	GlobalSection(SolutionConfigurationPlatforms) = preSolution
		Debug|Any CPU = Debug|Any CPU
		Release|Any CPU = Release|Any CPU
	EndGlobalSection
	GlobalSection(ProjectConfigurationPlatforms) = postSolution
		{D6736BBE-9F81-40DD-A830-6E5F90604A11}.Debug|Any CPU.ActiveCfg = Debug|Any CPU
		{D6736BBE-9F81-40DD-A830-6E5F90604A11}.Debug|Any CPU.Build.0 = Debug|Any CPU
		{D6736BBE-9F81-40DD-A830-6E5F90604A11}.Release|Any CPU.ActiveCfg = Release|Any CPU
		{D6736BBE-9F81-40DD-A830-6E5F90604A11}.Release|Any CPU.Build.0 = Release|Any CPU
		{63BBD5EE-341D-4AA1-BF1F-0EB2D17B30F5}.Debug|Any CPU.ActiveCfg = Debug|Any CPU
		{63BBD5EE-341D-4AA1-BF1F-0EB2D17B30F5}.Debug|Any CPU.Build.0 = Debug|Any CPU
		{63BBD5EE-341D-4AA1-BF1F-0EB2D17B30F5}.Release|Any CPU.ActiveCfg = Release|Any CPU
		{63BBD5EE-341D-4AA1-BF1F-0EB2D17B30F5}.Release|Any CPU.Build.0 = Release|Any CPU
		{DCD7D6C9-9A0B-39AE-1A5E-19D7A63AFD81}.Debug|Any CPU.ActiveCfg = Debug|Any CPU
		{DCD7D6C9-9A0B-39AE-1A5E-19D7A63AFD81}.Debug|Any CPU.Build.0 = Debug|Any CPU
		{DCD7D6C9-9A0B-39AE-1A5E-19D7A63AFD81}.Release|Any CPU.ActiveCfg = Release|Any CPU
		{DCD7D6C9-9A0B-39AE-1A5E-19D7A63AFD81}.Release|Any CPU.Build.0 = Release|Any CPU
		{3FC7D973-8D40-2DBA-72AF-0E3575431FFC}.Debug|Any CPU.ActiveCfg = Debug|Any CPU
		{3FC7D973-8D40-2DBA-72AF-0E3575431FFC}.Debug|Any CPU.Build.0 = Debug|Any CPU
		{3FC7D973-8D40-2DBA-72AF-0E3575431FFC}.Release|Any CPU.ActiveCfg = Release|Any CPU
		{3FC7D973-8D40-2DBA-72AF-0E3575431FFC}.Release|Any CPU.Build.0 = Release|Any CPU
		{1E041E9E-88AC-2558-6FCF-DB49E1134978}.Debug|Any CPU.ActiveCfg = Debug|Any CPU
		{1E041E9E-88AC-2558-6FCF-DB49E1134978}.Debug|Any CPU.Build.0 = Debug|Any CPU
		{1E041E9E-88AC-2558-6FCF-DB49E1134978}.Release|Any CPU.ActiveCfg = Release|Any CPU
		{1E041E9E-88AC-2558-6FCF-DB49E1134978}.Release|Any CPU.Build.0 = Release|Any CPU
		{54C96E69-3A19-B7E0-ABC5-8FC7B6385B3C}.Debug|Any CPU.ActiveCfg = Debug|Any CPU
		{54C96E69-3A19-B7E0-ABC5-8FC7B6385B3C}.Debug|Any CPU.Build.0 = Debug|Any CPU
		{54C96E69-3A19-B7E0-ABC5-8FC7B6385B3C}.Release|Any CPU.ActiveCfg = Release|Any CPU
		{54C96E69-3A19-B7E0-ABC5-8FC7B6385B3C}.Release|Any CPU.Build.0 = Release|Any CPU
		{8C5FC66C-28E5-2103-E087-D1107B295F05}.Debug|Any CPU.ActiveCfg = Debug|Any CPU
		{8C5FC66C-28E5-2103-E087-D1107B295F05}.Debug|Any CPU.Build.0 = Debug|Any CPU
		{8C5FC66C-28E5-2103-E087-D1107B295F05}.Release|Any CPU.ActiveCfg = Release|Any CPU
		{8C5FC66C-28E5-2103-E087-D1107B295F05}.Release|Any CPU.Build.0 = Release|Any CPU
	EndGlobalSection
	GlobalSection(SolutionProperties) = preSolution
		HideSolutionNode = FALSE
	EndGlobalSection
	GlobalSection(NestedProjects) = preSolution
		{DCD7D6C9-9A0B-39AE-1A5E-19D7A63AFD81} = {02EA681E-C7D8-13C7-8484-4AC65E1B71E8}
		{3FC7D973-8D40-2DBA-72AF-0E3575431FFC} = {02EA681E-C7D8-13C7-8484-4AC65E1B71E8}
		{1E041E9E-88AC-2558-6FCF-DB49E1134978} = {02EA681E-C7D8-13C7-8484-4AC65E1B71E8}
		{54C96E69-3A19-B7E0-ABC5-8FC7B6385B3C} = {02EA681E-C7D8-13C7-8484-4AC65E1B71E8}
		{8C5FC66C-28E5-2103-E087-D1107B295F05} = {02EA681E-C7D8-13C7-8484-4AC65E1B71E8}
	EndGlobalSection
	GlobalSection(ExtensibilityGlobals) = postSolution
		SolutionGuid = {C2924CDD-3A5C-40A9-95BA-350D0A709D80}
	EndGlobalSection
EndGlobal
