
Microsoft Visual Studio Solution File, Format Version 12.00
# Visual Studio Version 17
VisualStudioVersion = 17.14.36127.28
MinimumVisualStudioVersion = 10.0.40219.1
Project("{FAE04EC0-301F-11D3-BF4B-00C04F79EFBC}") = "MCPWebServerTest", "MCPWebServerTest\MCPWebServerTest.csproj", "{D6736BBE-9F81-40DD-A830-6E5F90604A11}"
EndProject
Project("{FAE04EC0-301F-11D3-BF4B-00C04F79EFBC}") = "MCPWebServerUnitTests", "MCPWebServerUnitTests\MCPWebServerUnitTests.csproj", "{63BBD5EE-341D-4AA1-BF1F-0EB2D17B30F5}"
EndProject
Global
	GlobalSection(SolutionConfigurationPlatforms) = preSolution
		Debug|Any CPU = Debug|Any CPU
		Release|Any CPU = Release|Any CPU
	EndGlobalSection
	GlobalSection(ProjectConfigurationPlatforms) = postSolution
		{D6736BBE-9F81-40DD-A830-6E5F90604A11}.Debug|Any CPU.ActiveCfg = Debug|Any CPU
		{D6736BBE-9F81-40DD-A830-6E5F90604A11}.Debug|Any CPU.Build.0 = Debug|Any CPU
		{D6736BBE-9F81-40DD-A830-6E5F90604A11}.Release|Any CPU.ActiveCfg = Release|Any CPU
		{D6736BBE-9F81-40DD-A830-6E5F90604A11}.Release|Any CPU.Build.0 = Release|Any CPU
		{63BBD5EE-341D-4AA1-BF1F-0EB2D17B30F5}.Debug|Any CPU.ActiveCfg = Debug|Any CPU
		{63BBD5EE-341D-4AA1-BF1F-0EB2D17B30F5}.Debug|Any CPU.Build.0 = Debug|Any CPU
		{63BBD5EE-341D-4AA1-BF1F-0EB2D17B30F5}.Release|Any CPU.ActiveCfg = Release|Any CPU
		{63BBD5EE-341D-4AA1-BF1F-0EB2D17B30F5}.Release|Any CPU.Build.0 = Release|Any CPU
	EndGlobalSection
	GlobalSection(SolutionProperties) = preSolution
		HideSolutionNode = FALSE
	EndGlobalSection
	GlobalSection(ExtensibilityGlobals) = postSolution
		SolutionGuid = {C2924CDD-3A5C-40A9-95BA-350D0A709D80}
	EndGlobalSection
EndGlobal
